// !$*UTF8*$!
{
	archiveVersion = 1;
	classes = {
	};
	objectVersion = 56;
	objects = {

/* Begin PBXBuildFile section */
		26AF937E28FA09B5009E5103 /* ReveriApp.swift in Sources */ = {isa = PBXBuildFile; fileRef = 26AF937D28FA09B5009E5103 /* ReveriApp.swift */; };
		26AF938028FA09B5009E5103 /* ProductsListView.swift in Sources */ = {isa = PBXBuildFile; fileRef = 26AF937F28FA09B5009E5103 /* ProductsListView.swift */; };
		26AF938228FA09B6009E5103 /* Assets.xcassets in Resources */ = {isa = PBXBuildFile; fileRef = 26AF938128FA09B6009E5103 /* Assets.xcassets */; };
		26AF938528FA09B6009E5103 /* Preview Assets.xcassets in Resources */ = {isa = PBXBuildFile; fileRef = 26AF938428FA09B6009E5103 /* Preview Assets.xcassets */; };
		26AF939228FA0E4F009E5103 /* ProductsListViewModel.swift in Sources */ = {isa = PBXBuildFile; fileRef = 26AF939128FA0E4F009E5103 /* ProductsListViewModel.swift */; };
		26AF939428FA14FA009E5103 /* TextStyles.swift in Sources */ = {isa = PBXBuildFile; fileRef = 26AF939328FA14FA009E5103 /* TextStyles.swift */; };
		26AF939728FA1638009E5103 /* ProductCellView.swift in Sources */ = {isa = PBXBuildFile; fileRef = 26AF939628FA1638009E5103 /* ProductCellView.swift */; };
		26AF939928FA16C0009E5103 /* ProductCellViewModel.swift in Sources */ = {isa = PBXBuildFile; fileRef = 26AF939828FA16C0009E5103 /* ProductCellViewModel.swift */; };
		26AF939B28FA1830009E5103 /* Product.swift in Sources */ = {isa = PBXBuildFile; fileRef = 26AF939A28FA1830009E5103 /* Product.swift */; };
		26AF939E28FA1F14009E5103 /* Kingfisher in Frameworks */ = {isa = PBXBuildFile; productRef = 26AF939D28FA1F14009E5103 /* Kingfisher */; };
		26AF93A328FA2380009E5103 /* NetworkManager.swift in Sources */ = {isa = PBXBuildFile; fileRef = 26AF93A228FA2380009E5103 /* NetworkManager.swift */; };
		26AF93A628FA24C8009E5103 /* Moya in Frameworks */ = {isa = PBXBuildFile; productRef = 26AF93A528FA24C8009E5103 /* Moya */; };
		26AF93A928FA2524009E5103 /* APIError.swift in Sources */ = {isa = PBXBuildFile; fileRef = 26AF93A828FA2524009E5103 /* APIError.swift */; };
		26AF93AB28FA25AF009E5103 /* ResponseStatus.swift in Sources */ = {isa = PBXBuildFile; fileRef = 26AF93AA28FA25AF009E5103 /* ResponseStatus.swift */; };
		26AF93AD28FA28DD009E5103 /* API.swift in Sources */ = {isa = PBXBuildFile; fileRef = 26AF93AC28FA28DD009E5103 /* API.swift */; };
		26AF93B028FA2B03009E5103 /* EnvironmentConfiguration.swift in Sources */ = {isa = PBXBuildFile; fileRef = 26AF93AF28FA2B03009E5103 /* EnvironmentConfiguration.swift */; };
		26AF93B328FA2D47009E5103 /* ProductContext.swift in Sources */ = {isa = PBXBuildFile; fileRef = 26AF93B228FA2D47009E5103 /* ProductContext.swift */; };
		26AF93B528FA2DEC009E5103 /* Codable.swift in Sources */ = {isa = PBXBuildFile; fileRef = 26AF93B428FA2DEC009E5103 /* Codable.swift */; };
		26AF93B828FA2F2A009E5103 /* Hopoate in Frameworks */ = {isa = PBXBuildFile; productRef = 26AF93B728FA2F2A009E5103 /* Hopoate */; };
		26AF93BB28FA32A8009E5103 /* DIUtility.swift in Sources */ = {isa = PBXBuildFile; fileRef = 26AF93BA28FA32A8009E5103 /* DIUtility.swift */; };
/* End PBXBuildFile section */

/* Begin PBXFileReference section */
		26AF937A28FA09B5009E5103 /* Reveri.app */ = {isa = PBXFileReference; explicitFileType = wrapper.application; includeInIndex = 0; path = Reveri.app; sourceTree = BUILT_PRODUCTS_DIR; };
		26AF937D28FA09B5009E5103 /* ReveriApp.swift */ = {isa = PBXFileReference; lastKnownFileType = sourcecode.swift; path = ReveriApp.swift; sourceTree = "<group>"; };
		26AF937F28FA09B5009E5103 /* ProductsListView.swift */ = {isa = PBXFileReference; lastKnownFileType = sourcecode.swift; path = ProductsListView.swift; sourceTree = "<group>"; };
		26AF938128FA09B6009E5103 /* Assets.xcassets */ = {isa = PBXFileReference; lastKnownFileType = folder.assetcatalog; path = Assets.xcassets; sourceTree = "<group>"; };
		26AF938428FA09B6009E5103 /* Preview Assets.xcassets */ = {isa = PBXFileReference; lastKnownFileType = folder.assetcatalog; path = "Preview Assets.xcassets"; sourceTree = "<group>"; };
		26AF939128FA0E4F009E5103 /* ProductsListViewModel.swift */ = {isa = PBXFileReference; lastKnownFileType = sourcecode.swift; path = ProductsListViewModel.swift; sourceTree = "<group>"; };
		26AF939328FA14FA009E5103 /* TextStyles.swift */ = {isa = PBXFileReference; lastKnownFileType = sourcecode.swift; path = TextStyles.swift; sourceTree = "<group>"; };
		26AF939628FA1638009E5103 /* ProductCellView.swift */ = {isa = PBXFileReference; lastKnownFileType = sourcecode.swift; path = ProductCellView.swift; sourceTree = "<group>"; };
		26AF939828FA16C0009E5103 /* ProductCellViewModel.swift */ = {isa = PBXFileReference; lastKnownFileType = sourcecode.swift; path = ProductCellViewModel.swift; sourceTree = "<group>"; };
		26AF939A28FA1830009E5103 /* Product.swift */ = {isa = PBXFileReference; lastKnownFileType = sourcecode.swift; path = Product.swift; sourceTree = "<group>"; };
		26AF93A228FA2380009E5103 /* NetworkManager.swift */ = {isa = PBXFileReference; lastKnownFileType = sourcecode.swift; path = NetworkManager.swift; sourceTree = "<group>"; };
		26AF93A828FA2524009E5103 /* APIError.swift */ = {isa = PBXFileReference; lastKnownFileType = sourcecode.swift; path = APIError.swift; sourceTree = "<group>"; };
		26AF93AA28FA25AF009E5103 /* ResponseStatus.swift */ = {isa = PBXFileReference; lastKnownFileType = sourcecode.swift; path = ResponseStatus.swift; sourceTree = "<group>"; };
		26AF93AC28FA28DD009E5103 /* API.swift */ = {isa = PBXFileReference; lastKnownFileType = sourcecode.swift; path = API.swift; sourceTree = "<group>"; };
		26AF93AF28FA2B03009E5103 /* EnvironmentConfiguration.swift */ = {isa = PBXFileReference; lastKnownFileType = sourcecode.swift; path = EnvironmentConfiguration.swift; sourceTree = "<group>"; };
		26AF93B228FA2D47009E5103 /* ProductContext.swift */ = {isa = PBXFileReference; lastKnownFileType = sourcecode.swift; path = ProductContext.swift; sourceTree = "<group>"; };
		26AF93B428FA2DEC009E5103 /* Codable.swift */ = {isa = PBXFileReference; lastKnownFileType = sourcecode.swift; path = Codable.swift; sourceTree = "<group>"; };
		26AF93BA28FA32A8009E5103 /* DIUtility.swift */ = {isa = PBXFileReference; lastKnownFileType = sourcecode.swift; path = DIUtility.swift; sourceTree = "<group>"; };
/* End PBXFileReference section */

/* Begin PBXFrameworksBuildPhase section */
		26AF937728FA09B5009E5103 /* Frameworks */ = {
			isa = PBXFrameworksBuildPhase;
			buildActionMask = 2147483647;
			files = (
				26AF93B828FA2F2A009E5103 /* Hopoate in Frameworks */,
				26AF93A628FA24C8009E5103 /* Moya in Frameworks */,
				26AF939E28FA1F14009E5103 /* Kingfisher in Frameworks */,
			);
			runOnlyForDeploymentPostprocessing = 0;
		};
/* End PBXFrameworksBuildPhase section */

/* Begin PBXGroup section */
		26AF937128FA09B5009E5103 = {
			isa = PBXGroup;
			children = (
				26AF937C28FA09B5009E5103 /* Reveri */,
				26AF937B28FA09B5009E5103 /* Products */,
			);
			sourceTree = "<group>";
		};
		26AF937B28FA09B5009E5103 /* Products */ = {
			isa = PBXGroup;
			children = (
				26AF937A28FA09B5009E5103 /* Reveri.app */,
			);
			name = Products;
			sourceTree = "<group>";
		};
		26AF937C28FA09B5009E5103 /* Reveri */ = {
			isa = PBXGroup;
			children = (
				26AF937D28FA09B5009E5103 /* ReveriApp.swift */,
				26AF938128FA09B6009E5103 /* Assets.xcassets */,
				26AF938E28FA0BE2009E5103 /* Components */,
				26AF938F28FA0C08009E5103 /* Helpers */,
				26AF938B28FA0BB6009E5103 /* Models */,
				26AF938328FA09B6009E5103 /* Preview Content */,
				26AF938D28FA0BCA009E5103 /* Services */,
				26AF938C28FA0BBF009E5103 /* Views */,
			);
			path = Reveri;
			sourceTree = "<group>";
		};
		26AF938328FA09B6009E5103 /* Preview Content */ = {
			isa = PBXGroup;
			children = (
				26AF938428FA09B6009E5103 /* Preview Assets.xcassets */,
			);
			path = "Preview Content";
			sourceTree = "<group>";
		};
		26AF938B28FA0BB6009E5103 /* Models */ = {
			isa = PBXGroup;
			children = (
				26AF939A28FA1830009E5103 /* Product.swift */,
			);
			path = Models;
			sourceTree = "<group>";
		};
		26AF938C28FA0BBF009E5103 /* Views */ = {
			isa = PBXGroup;
			children = (
				26AF939028FA0E3A009E5103 /* Products List */,
			);
			path = Views;
			sourceTree = "<group>";
		};
		26AF938D28FA0BCA009E5103 /* Services */ = {
			isa = PBXGroup;
			children = (
				26AF93B928FA3295009E5103 /* Dependencies */,
				26AF93AE28FA2AE0009E5103 /* Configuration */,
				26AF93A128FA236B009E5103 /* Network */,
				26AF93B428FA2DEC009E5103 /* Codable.swift */,
			);
			path = Services;
			sourceTree = "<group>";
		};
		26AF938E28FA0BE2009E5103 /* Components */ = {
			isa = PBXGroup;
			children = (
				26AF93A728FA2516009E5103 /* Enums */,
			);
			path = Components;
			sourceTree = "<group>";
		};
		26AF938F28FA0C08009E5103 /* Helpers */ = {
			isa = PBXGroup;
			children = (
				26AF939328FA14FA009E5103 /* TextStyles.swift */,
			);
			path = Helpers;
			sourceTree = "<group>";
		};
		26AF939028FA0E3A009E5103 /* Products List */ = {
			isa = PBXGroup;
			children = (
				26AF939528FA1623009E5103 /* Product Cell */,
				26AF937F28FA09B5009E5103 /* ProductsListView.swift */,
				26AF939128FA0E4F009E5103 /* ProductsListViewModel.swift */,
			);
			path = "Products List";
			sourceTree = "<group>";
		};
		26AF939528FA1623009E5103 /* Product Cell */ = {
			isa = PBXGroup;
			children = (
				26AF939628FA1638009E5103 /* ProductCellView.swift */,
				26AF939828FA16C0009E5103 /* ProductCellViewModel.swift */,
			);
			path = "Product Cell";
			sourceTree = "<group>";
		};
		26AF93A128FA236B009E5103 /* Network */ = {
			isa = PBXGroup;
			children = (
				26AF93B128FA2D33009E5103 /* Contexts */,
				26AF93A228FA2380009E5103 /* NetworkManager.swift */,
				26AF93AC28FA28DD009E5103 /* API.swift */,
			);
			path = Network;
			sourceTree = "<group>";
		};
		26AF93A728FA2516009E5103 /* Enums */ = {
			isa = PBXGroup;
			children = (
				26AF93A828FA2524009E5103 /* APIError.swift */,
				26AF93AA28FA25AF009E5103 /* ResponseStatus.swift */,
			);
			path = Enums;
			sourceTree = "<group>";
		};
		26AF93AE28FA2AE0009E5103 /* Configuration */ = {
			isa = PBXGroup;
			children = (
				26AF93AF28FA2B03009E5103 /* EnvironmentConfiguration.swift */,
			);
			path = Configuration;
			sourceTree = "<group>";
		};
		26AF93B128FA2D33009E5103 /* Contexts */ = {
			isa = PBXGroup;
			children = (
				26AF93B228FA2D47009E5103 /* ProductContext.swift */,
			);
			path = Contexts;
			sourceTree = "<group>";
		};
		26AF93B928FA3295009E5103 /* Dependencies */ = {
			isa = PBXGroup;
			children = (
				26AF93BA28FA32A8009E5103 /* DIUtility.swift */,
			);
			path = Dependencies;
			sourceTree = "<group>";
		};
/* End PBXGroup section */

/* Begin PBXNativeTarget section */
		26AF937928FA09B5009E5103 /* Reveri */ = {
			isa = PBXNativeTarget;
			buildConfigurationList = 26AF938828FA09B6009E5103 /* Build configuration list for PBXNativeTarget "Reveri" */;
			buildPhases = (
				26AF937628FA09B5009E5103 /* Sources */,
				26AF937728FA09B5009E5103 /* Frameworks */,
				26AF937828FA09B5009E5103 /* Resources */,
			);
			buildRules = (
			);
			dependencies = (
			);
			name = Reveri;
			packageProductDependencies = (
				26AF939D28FA1F14009E5103 /* Kingfisher */,
				26AF93A528FA24C8009E5103 /* Moya */,
				26AF93B728FA2F2A009E5103 /* Hopoate */,
			);
			productName = Reveri;
			productReference = 26AF937A28FA09B5009E5103 /* Reveri.app */;
			productType = "com.apple.product-type.application";
		};
/* End PBXNativeTarget section */

/* Begin PBXProject section */
		26AF937228FA09B5009E5103 /* Project object */ = {
			isa = PBXProject;
			attributes = {
				BuildIndependentTargetsInParallel = 1;
				LastSwiftUpdateCheck = 1400;
				LastUpgradeCheck = 1400;
				TargetAttributes = {
					26AF937928FA09B5009E5103 = {
						CreatedOnToolsVersion = 14.0.1;
					};
				};
			};
			buildConfigurationList = 26AF937528FA09B5009E5103 /* Build configuration list for PBXProject "Reveri" */;
			compatibilityVersion = "Xcode 14.0";
			developmentRegion = en;
			hasScannedForEncodings = 0;
			knownRegions = (
				en,
				Base,
			);
			mainGroup = 26AF937128FA09B5009E5103;
			packageReferences = (
				26AF939C28FA1F14009E5103 /* XCRemoteSwiftPackageReference "Kingfisher" */,
				26AF93A428FA24C8009E5103 /* XCRemoteSwiftPackageReference "Moya" */,
				26AF93B628FA2F2A009E5103 /* XCRemoteSwiftPackageReference "hopoate" */,
			);
			productRefGroup = 26AF937B28FA09B5009E5103 /* Products */;
			projectDirPath = "";
			projectRoot = "";
			targets = (
				26AF937928FA09B5009E5103 /* Reveri */,
			);
		};
/* End PBXProject section */

/* Begin PBXResourcesBuildPhase section */
		26AF937828FA09B5009E5103 /* Resources */ = {
			isa = PBXResourcesBuildPhase;
			buildActionMask = 2147483647;
			files = (
				26AF938528FA09B6009E5103 /* Preview Assets.xcassets in Resources */,
				26AF938228FA09B6009E5103 /* Assets.xcassets in Resources */,
			);
			runOnlyForDeploymentPostprocessing = 0;
		};
/* End PBXResourcesBuildPhase section */

/* Begin PBXSourcesBuildPhase section */
		26AF937628FA09B5009E5103 /* Sources */ = {
			isa = PBXSourcesBuildPhase;
			buildActionMask = 2147483647;
			files = (
				26AF93AD28FA28DD009E5103 /* API.swift in Sources */,
				26AF93BB28FA32A8009E5103 /* DIUtility.swift in Sources */,
				26AF939428FA14FA009E5103 /* TextStyles.swift in Sources */,
				26AF93B028FA2B03009E5103 /* EnvironmentConfiguration.swift in Sources */,
				26AF938028FA09B5009E5103 /* ProductsListView.swift in Sources */,
				26AF93B528FA2DEC009E5103 /* Codable.swift in Sources */,
				26AF937E28FA09B5009E5103 /* ReveriApp.swift in Sources */,
				26AF939728FA1638009E5103 /* ProductCellView.swift in Sources */,
				26AF93AB28FA25AF009E5103 /* ResponseStatus.swift in Sources */,
				26AF93A328FA2380009E5103 /* NetworkManager.swift in Sources */,
				26AF939928FA16C0009E5103 /* ProductCellViewModel.swift in Sources */,
				26AF939228FA0E4F009E5103 /* ProductsListViewModel.swift in Sources */,
				26AF93A928FA2524009E5103 /* APIError.swift in Sources */,
				26AF93B328FA2D47009E5103 /* ProductContext.swift in Sources */,
				26AF939B28FA1830009E5103 /* Product.swift in Sources */,
			);
			runOnlyForDeploymentPostprocessing = 0;
		};
/* End PBXSourcesBuildPhase section */

/* Begin XCBuildConfiguration section */
		26AF938628FA09B6009E5103 /* Debug */ = {
			isa = XCBuildConfiguration;
			buildSettings = {
				ALWAYS_SEARCH_USER_PATHS = NO;
				CLANG_ANALYZER_NONNULL = YES;
				CLANG_ANALYZER_NUMBER_OBJECT_CONVERSION = YES_AGGRESSIVE;
				CLANG_CXX_LANGUAGE_STANDARD = "gnu++20";
				CLANG_ENABLE_MODULES = YES;
				CLANG_ENABLE_OBJC_ARC = YES;
				CLANG_ENABLE_OBJC_WEAK = YES;
				CLANG_WARN_BLOCK_CAPTURE_AUTORELEASING = YES;
				CLANG_WARN_BOOL_CONVERSION = YES;
				CLANG_WARN_COMMA = YES;
				CLANG_WARN_CONSTANT_CONVERSION = YES;
				CLANG_WARN_DEPRECATED_OBJC_IMPLEMENTATIONS = YES;
				CLANG_WARN_DIRECT_OBJC_ISA_USAGE = YES_ERROR;
				CLANG_WARN_DOCUMENTATION_COMMENTS = YES;
				CLANG_WARN_EMPTY_BODY = YES;
				CLANG_WARN_ENUM_CONVERSION = YES;
				CLANG_WARN_INFINITE_RECURSION = YES;
				CLANG_WARN_INT_CONVERSION = YES;
				CLANG_WARN_NON_LITERAL_NULL_CONVERSION = YES;
				CLANG_WARN_OBJC_IMPLICIT_RETAIN_SELF = YES;
				CLANG_WARN_OBJC_LITERAL_CONVERSION = YES;
				CLANG_WARN_OBJC_ROOT_CLASS = YES_ERROR;
				CLANG_WARN_QUOTED_INCLUDE_IN_FRAMEWORK_HEADER = YES;
				CLANG_WARN_RANGE_LOOP_ANALYSIS = YES;
				CLANG_WARN_STRICT_PROTOTYPES = YES;
				CLANG_WARN_SUSPICIOUS_MOVE = YES;
				CLANG_WARN_UNGUARDED_AVAILABILITY = YES_AGGRESSIVE;
				CLANG_WARN_UNREACHABLE_CODE = YES;
				CLANG_WARN__DUPLICATE_METHOD_MATCH = YES;
				COPY_PHASE_STRIP = NO;
				DEBUG_INFORMATION_FORMAT = dwarf;
				ENABLE_STRICT_OBJC_MSGSEND = YES;
				ENABLE_TESTABILITY = YES;
				GCC_C_LANGUAGE_STANDARD = gnu11;
				GCC_DYNAMIC_NO_PIC = NO;
				GCC_NO_COMMON_BLOCKS = YES;
				GCC_OPTIMIZATION_LEVEL = 0;
				GCC_PREPROCESSOR_DEFINITIONS = (
					"DEBUG=1",
					"$(inherited)",
				);
				GCC_WARN_64_TO_32_BIT_CONVERSION = YES;
				GCC_WARN_ABOUT_RETURN_TYPE = YES_ERROR;
				GCC_WARN_UNDECLARED_SELECTOR = YES;
				GCC_WARN_UNINITIALIZED_AUTOS = YES_AGGRESSIVE;
				GCC_WARN_UNUSED_FUNCTION = YES;
				GCC_WARN_UNUSED_VARIABLE = YES;
				IPHONEOS_DEPLOYMENT_TARGET = 16.0;
				MTL_ENABLE_DEBUG_INFO = INCLUDE_SOURCE;
				MTL_FAST_MATH = YES;
				ONLY_ACTIVE_ARCH = YES;
				SDKROOT = iphoneos;
				SWIFT_ACTIVE_COMPILATION_CONDITIONS = DEBUG;
				SWIFT_OPTIMIZATION_LEVEL = "-Onone";
			};
			name = Debug;
		};
		26AF938728FA09B6009E5103 /* Release */ = {
			isa = XCBuildConfiguration;
			buildSettings = {
				ALWAYS_SEARCH_USER_PATHS = NO;
				CLANG_ANALYZER_NONNULL = YES;
				CLANG_ANALYZER_NUMBER_OBJECT_CONVERSION = YES_AGGRESSIVE;
				CLANG_CXX_LANGUAGE_STANDARD = "gnu++20";
				CLANG_ENABLE_MODULES = YES;
				CLANG_ENABLE_OBJC_ARC = YES;
				CLANG_ENABLE_OBJC_WEAK = YES;
				CLANG_WARN_BLOCK_CAPTURE_AUTORELEASING = YES;
				CLANG_WARN_BOOL_CONVERSION = YES;
				CLANG_WARN_COMMA = YES;
				CLANG_WARN_CONSTANT_CONVERSION = YES;
				CLANG_WARN_DEPRECATED_OBJC_IMPLEMENTATIONS = YES;
				CLANG_WARN_DIRECT_OBJC_ISA_USAGE = YES_ERROR;
				CLANG_WARN_DOCUMENTATION_COMMENTS = YES;
				CLANG_WARN_EMPTY_BODY = YES;
				CLANG_WARN_ENUM_CONVERSION = YES;
				CLANG_WARN_INFINITE_RECURSION = YES;
				CLANG_WARN_INT_CONVERSION = YES;
				CLANG_WARN_NON_LITERAL_NULL_CONVERSION = YES;
				CLANG_WARN_OBJC_IMPLICIT_RETAIN_SELF = YES;
				CLANG_WARN_OBJC_LITERAL_CONVERSION = YES;
				CLANG_WARN_OBJC_ROOT_CLASS = YES_ERROR;
				CLANG_WARN_QUOTED_INCLUDE_IN_FRAMEWORK_HEADER = YES;
				CLANG_WARN_RANGE_LOOP_ANALYSIS = YES;
				CLANG_WARN_STRICT_PROTOTYPES = YES;
				CLANG_WARN_SUSPICIOUS_MOVE = YES;
				CLANG_WARN_UNGUARDED_AVAILABILITY = YES_AGGRESSIVE;
				CLANG_WARN_UNREACHABLE_CODE = YES;
				CLANG_WARN__DUPLICATE_METHOD_MATCH = YES;
				COPY_PHASE_STRIP = NO;
				DEBUG_INFORMATION_FORMAT = "dwarf-with-dsym";
				ENABLE_NS_ASSERTIONS = NO;
				ENABLE_STRICT_OBJC_MSGSEND = YES;
				GCC_C_LANGUAGE_STANDARD = gnu11;
				GCC_NO_COMMON_BLOCKS = YES;
				GCC_WARN_64_TO_32_BIT_CONVERSION = YES;
				GCC_WARN_ABOUT_RETURN_TYPE = YES_ERROR;
				GCC_WARN_UNDECLARED_SELECTOR = YES;
				GCC_WARN_UNINITIALIZED_AUTOS = YES_AGGRESSIVE;
				GCC_WARN_UNUSED_FUNCTION = YES;
				GCC_WARN_UNUSED_VARIABLE = YES;
				IPHONEOS_DEPLOYMENT_TARGET = 16.0;
				MTL_ENABLE_DEBUG_INFO = NO;
				MTL_FAST_MATH = YES;
				SDKROOT = iphoneos;
				SWIFT_COMPILATION_MODE = wholemodule;
				SWIFT_OPTIMIZATION_LEVEL = "-O";
				VALIDATE_PRODUCT = YES;
			};
			name = Release;
		};
		26AF938928FA09B6009E5103 /* Debug */ = {
			isa = XCBuildConfiguration;
			buildSettings = {
				ASSETCATALOG_COMPILER_APPICON_NAME = AppIcon;
				ASSETCATALOG_COMPILER_GLOBAL_ACCENT_COLOR_NAME = AccentColor;
				CODE_SIGN_STYLE = Automatic;
				CURRENT_PROJECT_VERSION = 1;
				DEVELOPMENT_ASSET_PATHS = "\"Reveri/Preview Content\"";
				DEVELOPMENT_TEAM = PE7RPE5TA2;
				ENABLE_PREVIEWS = YES;
				GENERATE_INFOPLIST_FILE = YES;
				INFOPLIST_KEY_UIApplicationSceneManifest_Generation = YES;
				INFOPLIST_KEY_UIApplicationSupportsIndirectInputEvents = YES;
				INFOPLIST_KEY_UILaunchScreen_Generation = YES;
				INFOPLIST_KEY_UISupportedInterfaceOrientations_iPad = "UIInterfaceOrientationPortrait UIInterfaceOrientationPortraitUpsideDown UIInterfaceOrientationLandscapeLeft UIInterfaceOrientationLandscapeRight";
				INFOPLIST_KEY_UISupportedInterfaceOrientations_iPhone = "UIInterfaceOrientationPortrait UIInterfaceOrientationLandscapeLeft UIInterfaceOrientationLandscapeRight";
				IPHONEOS_DEPLOYMENT_TARGET = 16.0;
				LD_RUNPATH_SEARCH_PATHS = (
					"$(inherited)",
					"@executable_path/Frameworks",
				);
				MARKETING_VERSION = 1.0;
				PRODUCT_BUNDLE_IDENTIFIER = com.nickrudenko.Reveri;
				PRODUCT_NAME = "$(TARGET_NAME)";
				SWIFT_EMIT_LOC_STRINGS = YES;
				SWIFT_VERSION = 5.0;
				TARGETED_DEVICE_FAMILY = "1,2";
			};
			name = Debug;
		};
		26AF938A28FA09B6009E5103 /* Release */ = {
			isa = XCBuildConfiguration;
			buildSettings = {
				ASSETCATALOG_COMPILER_APPICON_NAME = AppIcon;
				ASSETCATALOG_COMPILER_GLOBAL_ACCENT_COLOR_NAME = AccentColor;
				CODE_SIGN_STYLE = Automatic;
				CURRENT_PROJECT_VERSION = 1;
				DEVELOPMENT_ASSET_PATHS = "\"Reveri/Preview Content\"";
				DEVELOPMENT_TEAM = PE7RPE5TA2;
				ENABLE_PREVIEWS = YES;
				GENERATE_INFOPLIST_FILE = YES;
				INFOPLIST_KEY_UIApplicationSceneManifest_Generation = YES;
				INFOPLIST_KEY_UIApplicationSupportsIndirectInputEvents = YES;
				INFOPLIST_KEY_UILaunchScreen_Generation = YES;
				INFOPLIST_KEY_UISupportedInterfaceOrientations_iPad = "UIInterfaceOrientationPortrait UIInterfaceOrientationPortraitUpsideDown UIInterfaceOrientationLandscapeLeft UIInterfaceOrientationLandscapeRight";
				INFOPLIST_KEY_UISupportedInterfaceOrientations_iPhone = "UIInterfaceOrientationPortrait UIInterfaceOrientationLandscapeLeft UIInterfaceOrientationLandscapeRight";
				IPHONEOS_DEPLOYMENT_TARGET = 16.0;
				LD_RUNPATH_SEARCH_PATHS = (
					"$(inherited)",
					"@executable_path/Frameworks",
				);
				MARKETING_VERSION = 1.0;
				PRODUCT_BUNDLE_IDENTIFIER = com.nickrudenko.Reveri;
				PRODUCT_NAME = "$(TARGET_NAME)";
				SWIFT_EMIT_LOC_STRINGS = YES;
				SWIFT_VERSION = 5.0;
				TARGETED_DEVICE_FAMILY = "1,2";
			};
			name = Release;
		};
/* End XCBuildConfiguration section */

/* Begin XCConfigurationList section */
		26AF937528FA09B5009E5103 /* Build configuration list for PBXProject "Reveri" */ = {
			isa = XCConfigurationList;
			buildConfigurations = (
				26AF938628FA09B6009E5103 /* Debug */,
				26AF938728FA09B6009E5103 /* Release */,
			);
			defaultConfigurationIsVisible = 0;
			defaultConfigurationName = Release;
		};
		26AF938828FA09B6009E5103 /* Build configuration list for PBXNativeTarget "Reveri" */ = {
			isa = XCConfigurationList;
			buildConfigurations = (
				26AF938928FA09B6009E5103 /* Debug */,
				26AF938A28FA09B6009E5103 /* Release */,
			);
			defaultConfigurationIsVisible = 0;
			defaultConfigurationName = Release;
		};
/* End XCConfigurationList section */

/* Begin XCRemoteSwiftPackageReference section */
		26AF939C28FA1F14009E5103 /* XCRemoteSwiftPackageReference "Kingfisher" */ = {
			isa = XCRemoteSwiftPackageReference;
			repositoryURL = "https://github.com/onevcat/Kingfisher.git";
			requirement = {
				kind = upToNextMajorVersion;
				minimumVersion = 7.0.0;
			};
		};
		26AF93A428FA24C8009E5103 /* XCRemoteSwiftPackageReference "Moya" */ = {
			isa = XCRemoteSwiftPackageReference;
			repositoryURL = "https://github.com/Moya/Moya.git";
			requirement = {
				kind = exactVersion;
				version = 15.0.0;
			};
		};
		26AF93B628FA2F2A009E5103 /* XCRemoteSwiftPackageReference "hopoate" */ = {
			isa = XCRemoteSwiftPackageReference;
			repositoryURL = "https://github.com/darjeelingsteve/hopoate";
			requirement = {
				kind = upToNextMajorVersion;
				minimumVersion = 1.0.0;
			};
		};
/* End XCRemoteSwiftPackageReference section */

/* Begin XCSwiftPackageProductDependency section */
		26AF939D28FA1F14009E5103 /* Kingfisher */ = {
			isa = XCSwiftPackageProductDependency;
			package = 26AF939C28FA1F14009E5103 /* XCRemoteSwiftPackageReference "Kingfisher" */;
			productName = Kingfisher;
		};
		26AF93A528FA24C8009E5103 /* Moya */ = {
			isa = XCSwiftPackageProductDependency;
			package = 26AF93A428FA24C8009E5103 /* XCRemoteSwiftPackageReference "Moya" */;
			productName = Moya;
		};
		26AF93B728FA2F2A009E5103 /* Hopoate */ = {
			isa = XCSwiftPackageProductDependency;
			package = 26AF93B628FA2F2A009E5103 /* XCRemoteSwiftPackageReference "hopoate" */;
			productName = Hopoate;
		};
/* End XCSwiftPackageProductDependency section */
	};
	rootObject = 26AF937228FA09B5009E5103 /* Project object */;
}
